// !$*UTF8*$!
{
	archiveVersion = 1;
	classes = {
	};
	objectVersion = 50;
	objects = {

/* Begin PBXBuildFile section */
		1E9756FB247C377800847313 /* AppDelegate.swift in Sources */ = {isa = PBXBuildFile; fileRef = 1E9756FA247C377800847313 /* AppDelegate.swift */; };
		1E9756FD247C377800847313 /* SceneDelegate.swift in Sources */ = {isa = PBXBuildFile; fileRef = 1E9756FC247C377800847313 /* SceneDelegate.swift */; };
		1E9756FF247C377800847313 /* VisitsListView.swift in Sources */ = {isa = PBXBuildFile; fileRef = 1E9756FE247C377800847313 /* VisitsListView.swift */; };
		1E975701247C377A00847313 /* Assets.xcassets in Resources */ = {isa = PBXBuildFile; fileRef = 1E975700247C377A00847313 /* Assets.xcassets */; };
		1E975704247C377A00847313 /* Preview Assets.xcassets in Resources */ = {isa = PBXBuildFile; fileRef = 1E975703247C377A00847313 /* Preview Assets.xcassets */; };
		1E975707247C377A00847313 /* LaunchScreen.storyboard in Resources */ = {isa = PBXBuildFile; fileRef = 1E975705247C377A00847313 /* LaunchScreen.storyboard */; };
		1E97570F247CA18E00847313 /* VisitDetailsView.swift in Sources */ = {isa = PBXBuildFile; fileRef = 1E97570E247CA18E00847313 /* VisitDetailsView.swift */; };
		1E975711247CA1C400847313 /* Visit.swift in Sources */ = {isa = PBXBuildFile; fileRef = 1E975710247CA1C400847313 /* Visit.swift */; };
		1E975713247CA24A00847313 /* View+ExitOnDrag.swift in Sources */ = {isa = PBXBuildFile; fileRef = 1E975712247CA24A00847313 /* View+ExitOnDrag.swift */; };
		1E975715247CB70F00847313 /* Date+toString.swift in Sources */ = {isa = PBXBuildFile; fileRef = 1E975714247CB70F00847313 /* Date+toString.swift */; };
		1E975717247CB86E00847313 /* View+ExpandableAndFoldable.swift in Sources */ = {isa = PBXBuildFile; fileRef = 1E975716247CB86E00847313 /* View+ExpandableAndFoldable.swift */; };
/* End PBXBuildFile section */

/* Begin PBXFileReference section */
		1E9756F7247C377800847313 /* FoldableScrolling.app */ = {isa = PBXFileReference; explicitFileType = wrapper.application; includeInIndex = 0; path = FoldableScrolling.app; sourceTree = BUILT_PRODUCTS_DIR; };
		1E9756FA247C377800847313 /* AppDelegate.swift */ = {isa = PBXFileReference; lastKnownFileType = sourcecode.swift; path = AppDelegate.swift; sourceTree = "<group>"; };
		1E9756FC247C377800847313 /* SceneDelegate.swift */ = {isa = PBXFileReference; lastKnownFileType = sourcecode.swift; path = SceneDelegate.swift; sourceTree = "<group>"; };
		1E9756FE247C377800847313 /* VisitsListView.swift */ = {isa = PBXFileReference; lastKnownFileType = sourcecode.swift; path = VisitsListView.swift; sourceTree = "<group>"; };
		1E975700247C377A00847313 /* Assets.xcassets */ = {isa = PBXFileReference; lastKnownFileType = folder.assetcatalog; path = Assets.xcassets; sourceTree = "<group>"; };
		1E975703247C377A00847313 /* Preview Assets.xcassets */ = {isa = PBXFileReference; lastKnownFileType = folder.assetcatalog; path = "Preview Assets.xcassets"; sourceTree = "<group>"; };
		1E975706247C377A00847313 /* Base */ = {isa = PBXFileReference; lastKnownFileType = file.storyboard; name = Base; path = Base.lproj/LaunchScreen.storyboard; sourceTree = "<group>"; };
		1E975708247C377A00847313 /* Info.plist */ = {isa = PBXFileReference; lastKnownFileType = text.plist.xml; path = Info.plist; sourceTree = "<group>"; };
		1E97570E247CA18E00847313 /* VisitDetailsView.swift */ = {isa = PBXFileReference; lastKnownFileType = sourcecode.swift; path = VisitDetailsView.swift; sourceTree = "<group>"; };
		1E975710247CA1C400847313 /* Visit.swift */ = {isa = PBXFileReference; lastKnownFileType = sourcecode.swift; path = Visit.swift; sourceTree = "<group>"; };
		1E975712247CA24A00847313 /* View+ExitOnDrag.swift */ = {isa = PBXFileReference; lastKnownFileType = sourcecode.swift; path = "View+ExitOnDrag.swift"; sourceTree = "<group>"; };
		1E975714247CB70F00847313 /* Date+toString.swift */ = {isa = PBXFileReference; lastKnownFileType = sourcecode.swift; path = "Date+toString.swift"; sourceTree = "<group>"; };
		1E975716247CB86E00847313 /* View+ExpandableAndFoldable.swift */ = {isa = PBXFileReference; lastKnownFileType = sourcecode.swift; path = "View+ExpandableAndFoldable.swift"; sourceTree = "<group>"; };
/* End PBXFileReference section */

/* Begin PBXFrameworksBuildPhase section */
		1E9756F4247C377800847313 /* Frameworks */ = {
			isa = PBXFrameworksBuildPhase;
			buildActionMask = 2147483647;
			files = (
			);
			runOnlyForDeploymentPostprocessing = 0;
		};
/* End PBXFrameworksBuildPhase section */

/* Begin PBXGroup section */
		1E9756EE247C377800847313 = {
			isa = PBXGroup;
			children = (
				1E9756F9247C377800847313 /* FoldableScrolling */,
				1E9756F8247C377800847313 /* Products */,
			);
			sourceTree = "<group>";
		};
		1E9756F8247C377800847313 /* Products */ = {
			isa = PBXGroup;
			children = (
				1E9756F7247C377800847313 /* FoldableScrolling.app */,
			);
			name = Products;
			sourceTree = "<group>";
		};
		1E9756F9247C377800847313 /* FoldableScrolling */ = {
			isa = PBXGroup;
			children = (
				1E9756FA247C377800847313 /* AppDelegate.swift */,
				1E9756FC247C377800847313 /* SceneDelegate.swift */,
				1E975714247CB70F00847313 /* Date+toString.swift */,
				1E975712247CA24A00847313 /* View+ExitOnDrag.swift */,
				1E975716247CB86E00847313 /* View+ExpandableAndFoldable.swift */,
				1E975710247CA1C400847313 /* Visit.swift */,
				1E9756FE247C377800847313 /* VisitsListView.swift */,
				1E97570E247CA18E00847313 /* VisitDetailsView.swift */,
				1E975700247C377A00847313 /* Assets.xcassets */,
				1E975705247C377A00847313 /* LaunchScreen.storyboard */,
				1E975708247C377A00847313 /* Info.plist */,
				1E975702247C377A00847313 /* Preview Content */,
			);
			path = FoldableScrolling;
			sourceTree = "<group>";
		};
		1E975702247C377A00847313 /* Preview Content */ = {
			isa = PBXGroup;
			children = (
				1E975703247C377A00847313 /* Preview Assets.xcassets */,
			);
			path = "Preview Content";
			sourceTree = "<group>";
		};
/* End PBXGroup section */

/* Begin PBXNativeTarget section */
		1E9756F6247C377800847313 /* FoldableScrolling */ = {
			isa = PBXNativeTarget;
			buildConfigurationList = 1E97570B247C377A00847313 /* Build configuration list for PBXNativeTarget "FoldableScrolling" */;
			buildPhases = (
				1E9756F3247C377800847313 /* Sources */,
				1E9756F4247C377800847313 /* Frameworks */,
				1E9756F5247C377800847313 /* Resources */,
			);
			buildRules = (
			);
			dependencies = (
			);
			name = FoldableScrolling;
			productName = FoldableScrolling;
			productReference = 1E9756F7247C377800847313 /* FoldableScrolling.app */;
			productType = "com.apple.product-type.application";
		};
/* End PBXNativeTarget section */

/* Begin PBXProject section */
		1E9756EF247C377800847313 /* Project object */ = {
			isa = PBXProject;
			attributes = {
				LastSwiftUpdateCheck = 1150;
				LastUpgradeCheck = 1150;
				ORGANIZATIONNAME = "Kevin Li";
				TargetAttributes = {
					1E9756F6247C377800847313 = {
						CreatedOnToolsVersion = 11.5;
					};
				};
			};
			buildConfigurationList = 1E9756F2247C377800847313 /* Build configuration list for PBXProject "FoldableScrolling" */;
			compatibilityVersion = "Xcode 9.3";
			developmentRegion = en;
			hasScannedForEncodings = 0;
			knownRegions = (
				en,
				Base,
			);
			mainGroup = 1E9756EE247C377800847313;
			productRefGroup = 1E9756F8247C377800847313 /* Products */;
			projectDirPath = "";
			projectRoot = "";
			targets = (
				1E9756F6247C377800847313 /* FoldableScrolling */,
			);
		};
/* End PBXProject section */

/* Begin PBXResourcesBuildPhase section */
		1E9756F5247C377800847313 /* Resources */ = {
			isa = PBXResourcesBuildPhase;
			buildActionMask = 2147483647;
			files = (
				1E975707247C377A00847313 /* LaunchScreen.storyboard in Resources */,
				1E975704247C377A00847313 /* Preview Assets.xcassets in Resources */,
				1E975701247C377A00847313 /* Assets.xcassets in Resources */,
			);
			runOnlyForDeploymentPostprocessing = 0;
		};
/* End PBXResourcesBuildPhase section */

/* Begin PBXSourcesBuildPhase section */
		1E9756F3247C377800847313 /* Sources */ = {
			isa = PBXSourcesBuildPhase;
			buildActionMask = 2147483647;
			files = (
				1E975715247CB70F00847313 /* Date+toString.swift in Sources */,
				1E9756FB247C377800847313 /* AppDelegate.swift in Sources */,
				1E97570F247CA18E00847313 /* VisitDetailsView.swift in Sources */,
				1E9756FD247C377800847313 /* SceneDelegate.swift in Sources */,
				1E975711247CA1C400847313 /* Visit.swift in Sources */,
				1E975713247CA24A00847313 /* View+ExitOnDrag.swift in Sources */,
				1E975717247CB86E00847313 /* View+ExpandableAndFoldable.swift in Sources */,
				1E9756FF247C377800847313 /* VisitsListView.swift in Sources */,
			);
			runOnlyForDeploymentPostprocessing = 0;
		};
/* End PBXSourcesBuildPhase section */

/* Begin PBXVariantGroup section */
		1E975705247C377A00847313 /* LaunchScreen.storyboard */ = {
			isa = PBXVariantGroup;
			children = (
				1E975706247C377A00847313 /* Base */,
			);
			name = LaunchScreen.storyboard;
			sourceTree = "<group>";
		};
/* End PBXVariantGroup section */

/* Begin XCBuildConfiguration section */
		1E975709247C377A00847313 /* Debug */ = {
			isa = XCBuildConfiguration;
			buildSettings = {
				ALWAYS_SEARCH_USER_PATHS = NO;
				CLANG_ANALYZER_NONNULL = YES;
				CLANG_ANALYZER_NUMBER_OBJECT_CONVERSION = YES_AGGRESSIVE;
				CLANG_CXX_LANGUAGE_STANDARD = "gnu++14";
				CLANG_CXX_LIBRARY = "libc++";
				CLANG_ENABLE_MODULES = YES;
				CLANG_ENABLE_OBJC_ARC = YES;
				CLANG_ENABLE_OBJC_WEAK = YES;
				CLANG_WARN_BLOCK_CAPTURE_AUTORELEASING = YES;
				CLANG_WARN_BOOL_CONVERSION = YES;
				CLANG_WARN_COMMA = YES;
				CLANG_WARN_CONSTANT_CONVERSION = YES;
				CLANG_WARN_DEPRECATED_OBJC_IMPLEMENTATIONS = YES;
				CLANG_WARN_DIRECT_OBJC_ISA_USAGE = YES_ERROR;
				CLANG_WARN_DOCUMENTATION_COMMENTS = YES;
				CLANG_WARN_EMPTY_BODY = YES;
				CLANG_WARN_ENUM_CONVERSION = YES;
				CLANG_WARN_INFINITE_RECURSION = YES;
				CLANG_WARN_INT_CONVERSION = YES;
				CLANG_WARN_NON_LITERAL_NULL_CONVERSION = YES;
				CLANG_WARN_OBJC_IMPLICIT_RETAIN_SELF = YES;
				CLANG_WARN_OBJC_LITERAL_CONVERSION = YES;
				CLANG_WARN_OBJC_ROOT_CLASS = YES_ERROR;
				CLANG_WARN_RANGE_LOOP_ANALYSIS = YES;
				CLANG_WARN_STRICT_PROTOTYPES = YES;
				CLANG_WARN_SUSPICIOUS_MOVE = YES;
				CLANG_WARN_UNGUARDED_AVAILABILITY = YES_AGGRESSIVE;
				CLANG_WARN_UNREACHABLE_CODE = YES;
				CLANG_WARN__DUPLICATE_METHOD_MATCH = YES;
				COPY_PHASE_STRIP = NO;
				DEBUG_INFORMATION_FORMAT = dwarf;
				ENABLE_STRICT_OBJC_MSGSEND = YES;
				ENABLE_TESTABILITY = YES;
				GCC_C_LANGUAGE_STANDARD = gnu11;
				GCC_DYNAMIC_NO_PIC = NO;
				GCC_NO_COMMON_BLOCKS = YES;
				GCC_OPTIMIZATION_LEVEL = 0;
				GCC_PREPROCESSOR_DEFINITIONS = (
					"DEBUG=1",
					"$(inherited)",
				);
				GCC_WARN_64_TO_32_BIT_CONVERSION = YES;
				GCC_WARN_ABOUT_RETURN_TYPE = YES_ERROR;
				GCC_WARN_UNDECLARED_SELECTOR = YES;
				GCC_WARN_UNINITIALIZED_AUTOS = YES_AGGRESSIVE;
				GCC_WARN_UNUSED_FUNCTION = YES;
				GCC_WARN_UNUSED_VARIABLE = YES;
				IPHONEOS_DEPLOYMENT_TARGET = 13.5;
				MTL_ENABLE_DEBUG_INFO = INCLUDE_SOURCE;
				MTL_FAST_MATH = YES;
				ONLY_ACTIVE_ARCH = YES;
				SDKROOT = iphoneos;
				SWIFT_ACTIVE_COMPILATION_CONDITIONS = DEBUG;
				SWIFT_OPTIMIZATION_LEVEL = "-Onone";
			};
			name = Debug;
		};
		1E97570A247C377A00847313 /* Release */ = {
			isa = XCBuildConfiguration;
			buildSettings = {
				ALWAYS_SEARCH_USER_PATHS = NO;
				CLANG_ANALYZER_NONNULL = YES;
				CLANG_ANALYZER_NUMBER_OBJECT_CONVERSION = YES_AGGRESSIVE;
				CLANG_CXX_LANGUAGE_STANDARD = "gnu++14";
				CLANG_CXX_LIBRARY = "libc++";
				CLANG_ENABLE_MODULES = YES;
				CLANG_ENABLE_OBJC_ARC = YES;
				CLANG_ENABLE_OBJC_WEAK = YES;
				CLANG_WARN_BLOCK_CAPTURE_AUTORELEASING = YES;
				CLANG_WARN_BOOL_CONVERSION = YES;
				CLANG_WARN_COMMA = YES;
				CLANG_WARN_CONSTANT_CONVERSION = YES;
				CLANG_WARN_DEPRECATED_OBJC_IMPLEMENTATIONS = YES;
				CLANG_WARN_DIRECT_OBJC_ISA_USAGE = YES_ERROR;
				CLANG_WARN_DOCUMENTATION_COMMENTS = YES;
				CLANG_WARN_EMPTY_BODY = YES;
				CLANG_WARN_ENUM_CONVERSION = YES;
				CLANG_WARN_INFINITE_RECURSION = YES;
				CLANG_WARN_INT_CONVERSION = YES;
				CLANG_WARN_NON_LITERAL_NULL_CONVERSION = YES;
				CLANG_WARN_OBJC_IMPLICIT_RETAIN_SELF = YES;
				CLANG_WARN_OBJC_LITERAL_CONVERSION = YES;
				CLANG_WARN_OBJC_ROOT_CLASS = YES_ERROR;
				CLANG_WARN_RANGE_LOOP_ANALYSIS = YES;
				CLANG_WARN_STRICT_PROTOTYPES = YES;
				CLANG_WARN_SUSPICIOUS_MOVE = YES;
				CLANG_WARN_UNGUARDED_AVAILABILITY = YES_AGGRESSIVE;
				CLANG_WARN_UNREACHABLE_CODE = YES;
				CLANG_WARN__DUPLICATE_METHOD_MATCH = YES;
				COPY_PHASE_STRIP = NO;
				DEBUG_INFORMATION_FORMAT = "dwarf-with-dsym";
				ENABLE_NS_ASSERTIONS = NO;
				ENABLE_STRICT_OBJC_MSGSEND = YES;
				GCC_C_LANGUAGE_STANDARD = gnu11;
				GCC_NO_COMMON_BLOCKS = YES;
				GCC_WARN_64_TO_32_BIT_CONVERSION = YES;
				GCC_WARN_ABOUT_RETURN_TYPE = YES_ERROR;
				GCC_WARN_UNDECLARED_SELECTOR = YES;
				GCC_WARN_UNINITIALIZED_AUTOS = YES_AGGRESSIVE;
				GCC_WARN_UNUSED_FUNCTION = YES;
				GCC_WARN_UNUSED_VARIABLE = YES;
				IPHONEOS_DEPLOYMENT_TARGET = 13.5;
				MTL_ENABLE_DEBUG_INFO = NO;
				MTL_FAST_MATH = YES;
				SDKROOT = iphoneos;
				SWIFT_COMPILATION_MODE = wholemodule;
				SWIFT_OPTIMIZATION_LEVEL = "-O";
				VALIDATE_PRODUCT = YES;
			};
			name = Release;
		};
		1E97570C247C377A00847313 /* Debug */ = {
			isa = XCBuildConfiguration;
			buildSettings = {
				ASSETCATALOG_COMPILER_APPICON_NAME = AppIcon;
				CODE_SIGN_STYLE = Automatic;
				DEVELOPMENT_ASSET_PATHS = "\"FoldableScrolling/Preview Content\"";
				DEVELOPMENT_TEAM = 75H2NCGMKS;
				ENABLE_PREVIEWS = YES;
				INFOPLIST_FILE = FoldableScrolling/Info.plist;
				IPHONEOS_DEPLOYMENT_TARGET = 13.0;
				LD_RUNPATH_SEARCH_PATHS = (
					"$(inherited)",
					"@executable_path/Frameworks",
				);
				PRODUCT_BUNDLE_IDENTIFIER = com.kevinli.FoldableScrolling;
				PRODUCT_NAME = "$(TARGET_NAME)";
				SWIFT_VERSION = 5.0;
				TARGETED_DEVICE_FAMILY = "1,2";
			};
			name = Debug;
		};
		1E97570D247C377A00847313 /* Release */ = {
			isa = XCBuildConfiguration;
			buildSettings = {
				ASSETCATALOG_COMPILER_APPICON_NAME = AppIcon;
				CODE_SIGN_STYLE = Automatic;
				DEVELOPMENT_ASSET_PATHS = "\"FoldableScrolling/Preview Content\"";
				DEVELOPMENT_TEAM = 75H2NCGMKS;
				ENABLE_PREVIEWS = YES;
				INFOPLIST_FILE = FoldableScrolling/Info.plist;
				IPHONEOS_DEPLOYMENT_TARGET = 13.0;
				LD_RUNPATH_SEARCH_PATHS = (
					"$(inherited)",
					"@executable_path/Frameworks",
				);
				PRODUCT_BUNDLE_IDENTIFIER = com.kevinli.FoldableScrolling;
				PRODUCT_NAME = "$(TARGET_NAME)";
				SWIFT_VERSION = 5.0;
				TARGETED_DEVICE_FAMILY = "1,2";
			};
			name = Release;
		};
/* End XCBuildConfiguration section */

/* Begin XCConfigurationList section */
		1E9756F2247C377800847313 /* Build configuration list for PBXProject "FoldableScrolling" */ = {
			isa = XCConfigurationList;
			buildConfigurations = (
				1E975709247C377A00847313 /* Debug */,
				1E97570A247C377A00847313 /* Release */,
			);
			defaultConfigurationIsVisible = 0;
			defaultConfigurationName = Release;
		};
		1E97570B247C377A00847313 /* Build configuration list for PBXNativeTarget "FoldableScrolling" */ = {
			isa = XCConfigurationList;
			buildConfigurations = (
				1E97570C247C377A00847313 /* Debug */,
				1E97570D247C377A00847313 /* Release */,
			);
			defaultConfigurationIsVisible = 0;
			defaultConfigurationName = Release;
		};
/* End XCConfigurationList section */
	};
	rootObject = 1E9756EF247C377800847313 /* Project object */;
}
